
Microsoft Visual Studio Solution File, Format Version 12.00
# Visual Studio 2013
VisualStudioVersion = 12.0.30501.0
MinimumVisualStudioVersion = 10.0.40219.1
Project("{FAE04EC0-301F-11D3-BF4B-00C04F79EFBC}") = "AuctionHouseClient2", "..\AuctionServerTest\AuctionHouseClient2\AuctionHouseClient2.csproj", "{36955911-43BD-400E-BCF9-1AA803CE0C5F}"
EndProject
Project("{FAE04EC0-301F-11D3-BF4B-00C04F79EFBC}") = "AuctionServerTest", "..\AuctionServerTest\AuctionServerTest\AuctionServerTest.csproj", "{C9E0C581-BE3D-42B0-AA13-A00DB367F0DE}"
EndProject
Global
	GlobalSection(SolutionConfigurationPlatforms) = preSolution
		Debug|Any CPU = Debug|Any CPU
		Release|Any CPU = Release|Any CPU
	EndGlobalSection
	GlobalSection(ProjectConfigurationPlatforms) = postSolution
		{36955911-43BD-400E-BCF9-1AA803CE0C5F}.Debug|Any CPU.ActiveCfg = Debug|Any CPU
		{36955911-43BD-400E-BCF9-1AA803CE0C5F}.Debug|Any CPU.Build.0 = Debug|Any CPU
		{36955911-43BD-400E-BCF9-1AA803CE0C5F}.Release|Any CPU.ActiveCfg = Release|Any CPU
		{36955911-43BD-400E-BCF9-1AA803CE0C5F}.Release|Any CPU.Build.0 = Release|Any CPU
		{C9E0C581-BE3D-42B0-AA13-A00DB367F0DE}.Debug|Any CPU.ActiveCfg = Debug|Any CPU
		{C9E0C581-BE3D-42B0-AA13-A00DB367F0DE}.Debug|Any CPU.Build.0 = Debug|Any CPU
		{C9E0C581-BE3D-42B0-AA13-A00DB367F0DE}.Release|Any CPU.ActiveCfg = Release|Any CPU
		{C9E0C581-BE3D-42B0-AA13-A00DB367F0DE}.Release|Any CPU.Build.0 = Release|Any CPU
	EndGlobalSection
	GlobalSection(SolutionProperties) = preSolution
		HideSolutionNode = FALSE
	EndGlobalSection
EndGlobal
